
Microsoft Visual Studio Solution File, Format Version 12.00
# Visual Studio Version 16
VisualStudioVersion = 16.0.30309.148
MinimumVisualStudioVersion = 10.0.40219.1
Project("{FAE04EC0-301F-11D3-BF4B-00C04F79EFBC}") = "RedisDistributedLock", "RedisDistributedLock.csproj", "{E2D89026-A0AC-4F0F-B3CC-650F93CE452B}"
EndProject
Global
	GlobalSection(SolutionConfigurationPlatforms) = preSolution
		Debug|Any CPU = Debug|Any CPU
		Release|Any CPU = Release|Any CPU
	EndGlobalSection
	GlobalSection(ProjectConfigurationPlatforms) = postSolution
		{E2D89026-A0AC-4F0F-B3CC-650F93CE452B}.Debug|Any CPU.ActiveCfg = Debug|Any CPU
		{E2D89026-A0AC-4F0F-B3CC-650F93CE452B}.Debug|Any CPU.Build.0 = Debug|Any CPU
		{E2D89026-A0AC-4F0F-B3CC-650F93CE452B}.Release|Any CPU.ActiveCfg = Release|Any CPU
		{E2D89026-A0AC-4F0F-B3CC-650F93CE452B}.Release|Any CPU.Build.0 = Release|Any CPU
	EndGlobalSection
	GlobalSection(SolutionProperties) = preSolution
		HideSolutionNode = FALSE
	EndGlobalSection
	GlobalSection(ExtensibilityGlobals) = postSolution
		SolutionGuid = {D1BC0B0A-BB69-41F1-B28E-7904BFD40522}
	EndGlobalSection
EndGlobal
